schema: '2.0'
stages:
  preprocess:
    cmd: python -m src.data_engine
    deps:
    - path: data/raw/train_identity.csv
      hash: md5
      md5: 8487db5001c8bad139f3318d5d3db416
      size: 26529680
    - path: data/raw/train_transaction.csv
      hash: md5
      md5: 58b4038d8715f5e11007b826bef00ce7
      size: 683351067
    - path: src/data_engine.py
      hash: md5
      md5: dc4d89d053686f0193fc050f3ca320af
      size: 6616
    params:
      params.yaml:
        preprocess.id_path: data/raw/train_identity.csv
        preprocess.tx_path: data/raw/train_transaction.csv
    outs:
    - path: data/processed/graph.pt
      hash: md5
      md5: e52eaba41abd6614cabf0c7980a68103
      size: 79889122
  train:
    cmd: python -m src.trainer
    deps:
    - path: data/processed/graph.pt
      hash: md5
      md5: e52eaba41abd6614cabf0c7980a68103
      size: 79889122
    - path: src/model.py
      hash: md5
      md5: bcb821ea3a7487e59aab9c104769a3ba
      size: 2536
    - path: src/trainer.py
      hash: md5
      md5: 1c60205e0cd10f1df904329cc4c9d4b1
      size: 7130
    params:
      params.yaml:
        train.batch_size: 512
        train.epochs: 30
        train.hidden_channel: 128
    outs:
    - path: metrics.json
      hash: md5
      md5: 03e1d21a66b8126bd067f9dc63c4321c
      size: 84
    - path: models/graph_sage_model.pt
      hash: md5
      md5: cf94dfa6f7ba0300da35e8a7271fc7d2
      size: 296206
