schema: '2.0'
stages:
  preprocess:
    cmd: python -m src.data_engine
    deps:
    - path: data/raw/tfinance/tfinance.pt
      hash: md5
      md5: 048d52f81891c8a5b31ec2cdda995db5
      size: 681327067
    - path: src/data_engine.py
      hash: md5
      md5: 9333fd4dd34c126f2fd77c6f67a27a34
      size: 2842
    params:
      params.yaml:
        preprocess:
          data_path: data/raw/tfinance/tfinance.pt
          train_ratio: 0.4
          val_ratio: 0.2
          split_seed: 0
    outs:
    - path: data/processed/graph.pt
      hash: md5
      md5: 8dd6dfe90a4178ce7be55de3346721d5
      size: 681131773
  train:
    cmd: python -m src.trainer
    deps:
    - path: data/processed/graph.pt
      hash: md5
      md5: 8dd6dfe90a4178ce7be55de3346721d5
      size: 681131773
    - path: src/model.py
      hash: md5
      md5: 14eb4bf304eb327ae0371f51d3cfdc63
      size: 3700
    - path: src/trainer.py
      hash: md5
      md5: 0a95d13b9086b04261bb4cd2074b365f
      size: 12120
    params:
      params.yaml:
        train:
          label_trick: true
          label_rate: 0.5
          hidden_channel: 128
          epochs: 500
          lr: 0.003
          weight_decay: 0.0001
          num_layers: 2
          dropout: 0.3
          residual: true
          norm: true
          aggr: mean
          pos_weight_power: 0.0
          scheduler: none
          seed: 42
          log_every: 10
          ensemble_size: 5
    outs:
    - path: metrics.json
      hash: md5
      md5: b47187c355c09ea7da21241ec7f55cf5
      size: 80
    - path: models/graph_sage_model.pt
      hash: md5
      md5: bb0604074a87c4e0738d38ddfb3bce1f
      size: 1395773
